// !$*UTF8*$!
{
	archiveVersion = 1;
	classes = {
	};
	objectVersion = 46;
	objects = {

/* Begin PBXBuildFile section */
		F92A01161FCAF4830035E1ED /* Restaurant.swift in Sources */ = {isa = PBXBuildFile; fileRef = F92A01151FCAF4830035E1ED /* Restaurant.swift */; };
		F9A78CAE1FD0898C00F6AD4A /* Launch Screen.storyboard in Resources */ = {isa = PBXBuildFile; fileRef = F9A78CAD1FD0898C00F6AD4A /* Launch Screen.storyboard */; };
		F9A78CB11FD2B85800F6AD4A /* MapKit.framework in Frameworks */ = {isa = PBXBuildFile; fileRef = F9A78CB01FD2B85800F6AD4A /* MapKit.framework */; };
		F9A78CB31FD2DBAE00F6AD4A /* MapViewController.swift in Sources */ = {isa = PBXBuildFile; fileRef = F9A78CB21FD2DBAE00F6AD4A /* MapViewController.swift */; };
		F9B1542A1FBDDA1C00962DFA /* AppDelegate.swift in Sources */ = {isa = PBXBuildFile; fileRef = F9B154291FBDDA1C00962DFA /* AppDelegate.swift */; };
		F9B1542F1FBDDA1C00962DFA /* Main.storyboard in Resources */ = {isa = PBXBuildFile; fileRef = F9B1542D1FBDDA1C00962DFA /* Main.storyboard */; };
		F9B154311FBDDA1C00962DFA /* Assets.xcassets in Resources */ = {isa = PBXBuildFile; fileRef = F9B154301FBDDA1C00962DFA /* Assets.xcassets */; };
		F9B1543E1FBDEFC400962DFA /* RestaurantViewController.swift in Sources */ = {isa = PBXBuildFile; fileRef = F9B1543D1FBDEFC400962DFA /* RestaurantViewController.swift */; };
		F9B154401FBDFACC00962DFA /* DetailViewController.swift in Sources */ = {isa = PBXBuildFile; fileRef = F9B1543F1FBDFACC00962DFA /* DetailViewController.swift */; };
		F9D5729B1FCDE53E00A1ACAC /* ReviewVC.swift in Sources */ = {isa = PBXBuildFile; fileRef = F9D5729A1FCDE53E00A1ACAC /* ReviewVC.swift */; };
/* End PBXBuildFile section */

/* Begin PBXFileReference section */
		F92A01151FCAF4830035E1ED /* Restaurant.swift */ = {isa = PBXFileReference; fileEncoding = 4; lastKnownFileType = sourcecode.swift; name = Restaurant.swift; path = ../Restaurant.swift; sourceTree = "<group>"; };
		F9A78CAD1FD0898C00F6AD4A /* Launch Screen.storyboard */ = {isa = PBXFileReference; fileEncoding = 4; lastKnownFileType = file.storyboard; path = "Launch Screen.storyboard"; sourceTree = "<group>"; };
		F9A78CB01FD2B85800F6AD4A /* MapKit.framework */ = {isa = PBXFileReference; lastKnownFileType = wrapper.framework; name = MapKit.framework; path = System/Library/Frameworks/MapKit.framework; sourceTree = SDKROOT; };
		F9A78CB21FD2DBAE00F6AD4A /* MapViewController.swift */ = {isa = PBXFileReference; fileEncoding = 4; lastKnownFileType = sourcecode.swift; path = MapViewController.swift; sourceTree = "<group>"; };
		F9B154261FBDDA1B00962DFA /* Food_Hub.app */ = {isa = PBXFileReference; explicitFileType = wrapper.application; includeInIndex = 0; path = Food_Hub.app; sourceTree = BUILT_PRODUCTS_DIR; };
		F9B154291FBDDA1C00962DFA /* AppDelegate.swift */ = {isa = PBXFileReference; lastKnownFileType = sourcecode.swift; path = AppDelegate.swift; sourceTree = "<group>"; };
		F9B1542E1FBDDA1C00962DFA /* Base */ = {isa = PBXFileReference; lastKnownFileType = file.storyboard; name = Base; path = Base.lproj/Main.storyboard; sourceTree = "<group>"; };
		F9B154301FBDDA1C00962DFA /* Assets.xcassets */ = {isa = PBXFileReference; lastKnownFileType = folder.assetcatalog; path = Assets.xcassets; sourceTree = "<group>"; };
		F9B154351FBDDA1C00962DFA /* Info.plist */ = {isa = PBXFileReference; lastKnownFileType = text.plist.xml; path = Info.plist; sourceTree = "<group>"; };
		F9B1543D1FBDEFC400962DFA /* RestaurantViewController.swift */ = {isa = PBXFileReference; fileEncoding = 4; lastKnownFileType = sourcecode.swift; path = RestaurantViewController.swift; sourceTree = "<group>"; };
		F9B1543F1FBDFACC00962DFA /* DetailViewController.swift */ = {isa = PBXFileReference; fileEncoding = 4; lastKnownFileType = sourcecode.swift; path = DetailViewController.swift; sourceTree = "<group>"; };
		F9D5729A1FCDE53E00A1ACAC /* ReviewVC.swift */ = {isa = PBXFileReference; fileEncoding = 4; lastKnownFileType = sourcecode.swift; path = ReviewVC.swift; sourceTree = "<group>"; };
/* End PBXFileReference section */

/* Begin PBXFrameworksBuildPhase section */
		F9B154231FBDDA1B00962DFA /* Frameworks */ = {
			isa = PBXFrameworksBuildPhase;
			buildActionMask = 2147483647;
			files = (
				F9A78CB11FD2B85800F6AD4A /* MapKit.framework in Frameworks */,
			);
			runOnlyForDeploymentPostprocessing = 0;
		};
/* End PBXFrameworksBuildPhase section */

/* Begin PBXGroup section */
		F9A78CAF1FD2B85800F6AD4A /* Frameworks */ = {
			isa = PBXGroup;
			children = (
				F9A78CB01FD2B85800F6AD4A /* MapKit.framework */,
			);
			name = Frameworks;
			sourceTree = "<group>";
		};
		F9B1541D1FBDDA1B00962DFA = {
			isa = PBXGroup;
			children = (
				F9B154281FBDDA1B00962DFA /* Food_Hub */,
				F9B154271FBDDA1B00962DFA /* Products */,
				F9A78CAF1FD2B85800F6AD4A /* Frameworks */,
			);
			sourceTree = "<group>";
		};
		F9B154271FBDDA1B00962DFA /* Products */ = {
			isa = PBXGroup;
			children = (
				F9B154261FBDDA1B00962DFA /* Food_Hub.app */,
			);
			name = Products;
			sourceTree = "<group>";
		};
		F9B154281FBDDA1B00962DFA /* Food_Hub */ = {
			isa = PBXGroup;
			children = (
				F9B154291FBDDA1C00962DFA /* AppDelegate.swift */,
				F9B1543D1FBDEFC400962DFA /* RestaurantViewController.swift */,
				F9B1543F1FBDFACC00962DFA /* DetailViewController.swift */,
				F9A78CB21FD2DBAE00F6AD4A /* MapViewController.swift */,
				F9D5729A1FCDE53E00A1ACAC /* ReviewVC.swift */,
				F9D5729C1FCDEAD400A1ACAC /* model */,
				F9B1542D1FBDDA1C00962DFA /* Main.storyboard */,
				F9B154301FBDDA1C00962DFA /* Assets.xcassets */,
				F9A78CAD1FD0898C00F6AD4A /* Launch Screen.storyboard */,
				F9B154351FBDDA1C00962DFA /* Info.plist */,
			);
			path = Food_Hub;
			sourceTree = "<group>";
		};
		F9D5729C1FCDEAD400A1ACAC /* model */ = {
			isa = PBXGroup;
			children = (
				F92A01151FCAF4830035E1ED /* Restaurant.swift */,
			);
			name = model;
			sourceTree = "<group>";
		};
/* End PBXGroup section */

/* Begin PBXNativeTarget section */
		F9B154251FBDDA1B00962DFA /* Food_Hub */ = {
			isa = PBXNativeTarget;
			buildConfigurationList = F9B154381FBDDA1C00962DFA /* Build configuration list for PBXNativeTarget "Food_Hub" */;
			buildPhases = (
				F9B154221FBDDA1B00962DFA /* Sources */,
				F9B154231FBDDA1B00962DFA /* Frameworks */,
				F9B154241FBDDA1B00962DFA /* Resources */,
			);
			buildRules = (
			);
			dependencies = (
			);
			name = Food_Hub;
			productName = Food_Hub;
			productReference = F9B154261FBDDA1B00962DFA /* Food_Hub.app */;
			productType = "com.apple.product-type.application";
		};
/* End PBXNativeTarget section */

/* Begin PBXProject section */
		F9B1541E1FBDDA1B00962DFA /* Project object */ = {
			isa = PBXProject;
			attributes = {
				LastSwiftUpdateCheck = 0820;
				LastUpgradeCheck = 0820;
				ORGANIZATIONNAME = Rohit;
				TargetAttributes = {
					F9B154251FBDDA1B00962DFA = {
						CreatedOnToolsVersion = 8.2.1;
						ProvisioningStyle = Automatic;
						SystemCapabilities = {
							com.apple.Maps.iOS = {
								enabled = 0;
							};
						};
					};
				};
			};
			buildConfigurationList = F9B154211FBDDA1B00962DFA /* Build configuration list for PBXProject "Food_Hub" */;
			compatibilityVersion = "Xcode 3.2";
			developmentRegion = English;
			hasScannedForEncodings = 0;
			knownRegions = (
				en,
				Base,
			);
			mainGroup = F9B1541D1FBDDA1B00962DFA;
			productRefGroup = F9B154271FBDDA1B00962DFA /* Products */;
			projectDirPath = "";
			projectRoot = "";
			targets = (
				F9B154251FBDDA1B00962DFA /* Food_Hub */,
			);
		};
/* End PBXProject section */

/* Begin PBXResourcesBuildPhase section */
		F9B154241FBDDA1B00962DFA /* Resources */ = {
			isa = PBXResourcesBuildPhase;
			buildActionMask = 2147483647;
			files = (
				F9B154311FBDDA1C00962DFA /* Assets.xcassets in Resources */,
				F9A78CAE1FD0898C00F6AD4A /* Launch Screen.storyboard in Resources */,
				F9B1542F1FBDDA1C00962DFA /* Main.storyboard in Resources */,
			);
			runOnlyForDeploymentPostprocessing = 0;
		};
/* End PBXResourcesBuildPhase section */

/* Begin PBXSourcesBuildPhase section */
		F9B154221FBDDA1B00962DFA /* Sources */ = {
			isa = PBXSourcesBuildPhase;
			buildActionMask = 2147483647;
			files = (
				F92A01161FCAF4830035E1ED /* Restaurant.swift in Sources */,
				F9A78CB31FD2DBAE00F6AD4A /* MapViewController.swift in Sources */,
				F9D5729B1FCDE53E00A1ACAC /* ReviewVC.swift in Sources */,
				F9B154401FBDFACC00962DFA /* DetailViewController.swift in Sources */,
				F9B1542A1FBDDA1C00962DFA /* AppDelegate.swift in Sources */,
				F9B1543E1FBDEFC400962DFA /* RestaurantViewController.swift in Sources */,
			);
			runOnlyForDeploymentPostprocessing = 0;
		};
/* End PBXSourcesBuildPhase section */

/* Begin PBXVariantGroup section */
		F9B1542D1FBDDA1C00962DFA /* Main.storyboard */ = {
			isa = PBXVariantGroup;
			children = (
				F9B1542E1FBDDA1C00962DFA /* Base */,
			);
			name = Main.storyboard;
			sourceTree = "<group>";
		};
/* End PBXVariantGroup section */

/* Begin XCBuildConfiguration section */
		F9B154361FBDDA1C00962DFA /* Debug */ = {
			isa = XCBuildConfiguration;
			buildSettings = {
				ALWAYS_SEARCH_USER_PATHS = NO;
				CLANG_ANALYZER_NONNULL = YES;
				CLANG_CXX_LANGUAGE_STANDARD = "gnu++0x";
				CLANG_CXX_LIBRARY = "libc++";
				CLANG_ENABLE_MODULES = YES;
				CLANG_ENABLE_OBJC_ARC = YES;
				CLANG_WARN_BOOL_CONVERSION = YES;
				CLANG_WARN_CONSTANT_CONVERSION = YES;
				CLANG_WARN_DIRECT_OBJC_ISA_USAGE = YES_ERROR;
				CLANG_WARN_DOCUMENTATION_COMMENTS = YES;
				CLANG_WARN_EMPTY_BODY = YES;
				CLANG_WARN_ENUM_CONVERSION = YES;
				CLANG_WARN_INFINITE_RECURSION = YES;
				CLANG_WARN_INT_CONVERSION = YES;
				CLANG_WARN_OBJC_ROOT_CLASS = YES_ERROR;
				CLANG_WARN_SUSPICIOUS_MOVE = YES;
				CLANG_WARN_UNREACHABLE_CODE = YES;
				CLANG_WARN__DUPLICATE_METHOD_MATCH = YES;
				"CODE_SIGN_IDENTITY[sdk=iphoneos*]" = "iPhone Developer";
				COPY_PHASE_STRIP = NO;
				DEBUG_INFORMATION_FORMAT = dwarf;
				ENABLE_STRICT_OBJC_MSGSEND = YES;
				ENABLE_TESTABILITY = YES;
				GCC_C_LANGUAGE_STANDARD = gnu99;
				GCC_DYNAMIC_NO_PIC = NO;
				GCC_NO_COMMON_BLOCKS = YES;
				GCC_OPTIMIZATION_LEVEL = 0;
				GCC_PREPROCESSOR_DEFINITIONS = (
					"DEBUG=1",
					"$(inherited)",
				);
				GCC_WARN_64_TO_32_BIT_CONVERSION = YES;
				GCC_WARN_ABOUT_RETURN_TYPE = YES_ERROR;
				GCC_WARN_UNDECLARED_SELECTOR = YES;
				GCC_WARN_UNINITIALIZED_AUTOS = YES_AGGRESSIVE;
				GCC_WARN_UNUSED_FUNCTION = YES;
				GCC_WARN_UNUSED_VARIABLE = YES;
				IPHONEOS_DEPLOYMENT_TARGET = 10.2;
				MTL_ENABLE_DEBUG_INFO = YES;
				ONLY_ACTIVE_ARCH = YES;
				SDKROOT = iphoneos;
				SWIFT_ACTIVE_COMPILATION_CONDITIONS = DEBUG;
				SWIFT_OPTIMIZATION_LEVEL = "-Onone";
			};
			name = Debug;
		};
		F9B154371FBDDA1C00962DFA /* Release */ = {
			isa = XCBuildConfiguration;
			buildSettings = {
				ALWAYS_SEARCH_USER_PATHS = NO;
				CLANG_ANALYZER_NONNULL = YES;
				CLANG_CXX_LANGUAGE_STANDARD = "gnu++0x";
				CLANG_CXX_LIBRARY = "libc++";
				CLANG_ENABLE_MODULES = YES;
				CLANG_ENABLE_OBJC_ARC = YES;
				CLANG_WARN_BOOL_CONVERSION = YES;
				CLANG_WARN_CONSTANT_CONVERSION = YES;
				CLANG_WARN_DIRECT_OBJC_ISA_USAGE = YES_ERROR;
				CLANG_WARN_DOCUMENTATION_COMMENTS = YES;
				CLANG_WARN_EMPTY_BODY = YES;
				CLANG_WARN_ENUM_CONVERSION = YES;
				CLANG_WARN_INFINITE_RECURSION = YES;
				CLANG_WARN_INT_CONVERSION = YES;
				CLANG_WARN_OBJC_ROOT_CLASS = YES_ERROR;
				CLANG_WARN_SUSPICIOUS_MOVE = YES;
				CLANG_WARN_UNREACHABLE_CODE = YES;
				CLANG_WARN__DUPLICATE_METHOD_MATCH = YES;
				"CODE_SIGN_IDENTITY[sdk=iphoneos*]" = "iPhone Developer";
				COPY_PHASE_STRIP = NO;
				DEBUG_INFORMATION_FORMAT = "dwarf-with-dsym";
				ENABLE_NS_ASSERTIONS = NO;
				ENABLE_STRICT_OBJC_MSGSEND = YES;
				GCC_C_LANGUAGE_STANDARD = gnu99;
				GCC_NO_COMMON_BLOCKS = YES;
				GCC_WARN_64_TO_32_BIT_CONVERSION = YES;
				GCC_WARN_ABOUT_RETURN_TYPE = YES_ERROR;
				GCC_WARN_UNDECLARED_SELECTOR = YES;
				GCC_WARN_UNINITIALIZED_AUTOS = YES_AGGRESSIVE;
				GCC_WARN_UNUSED_FUNCTION = YES;
				GCC_WARN_UNUSED_VARIABLE = YES;
				IPHONEOS_DEPLOYMENT_TARGET = 10.2;
				MTL_ENABLE_DEBUG_INFO = NO;
				SDKROOT = iphoneos;
				SWIFT_OPTIMIZATION_LEVEL = "-Owholemodule";
				VALIDATE_PRODUCT = YES;
			};
			name = Release;
		};
		F9B154391FBDDA1C00962DFA /* Debug */ = {
			isa = XCBuildConfiguration;
			buildSettings = {
				ASSETCATALOG_COMPILER_APPICON_NAME = AppIcon;
				DEVELOPMENT_TEAM = "";
				INFOPLIST_FILE = Food_Hub/Info.plist;
				LD_RUNPATH_SEARCH_PATHS = "$(inherited) @executable_path/Frameworks";
				PRODUCT_BUNDLE_IDENTIFIER = "rome.Food-Hub";
				PRODUCT_NAME = "$(TARGET_NAME)";
				SWIFT_VERSION = 3.0;
			};
			name = Debug;
		};
		F9B1543A1FBDDA1C00962DFA /* Release */ = {
			isa = XCBuildConfiguration;
			buildSettings = {
				ASSETCATALOG_COMPILER_APPICON_NAME = AppIcon;
				DEVELOPMENT_TEAM = "";
				INFOPLIST_FILE = Food_Hub/Info.plist;
				LD_RUNPATH_SEARCH_PATHS = "$(inherited) @executable_path/Frameworks";
				PRODUCT_BUNDLE_IDENTIFIER = "rome.Food-Hub";
				PRODUCT_NAME = "$(TARGET_NAME)";
				SWIFT_VERSION = 3.0;
			};
			name = Release;
		};
/* End XCBuildConfiguration section */

/* Begin XCConfigurationList section */
		F9B154211FBDDA1B00962DFA /* Build configuration list for PBXProject "Food_Hub" */ = {
			isa = XCConfigurationList;
			buildConfigurations = (
				F9B154361FBDDA1C00962DFA /* Debug */,
				F9B154371FBDDA1C00962DFA /* Release */,
			);
			defaultConfigurationIsVisible = 0;
			defaultConfigurationName = Release;
		};
		F9B154381FBDDA1C00962DFA /* Build configuration list for PBXNativeTarget "Food_Hub" */ = {
			isa = XCConfigurationList;
			buildConfigurations = (
				F9B154391FBDDA1C00962DFA /* Debug */,
				F9B1543A1FBDDA1C00962DFA /* Release */,
			);
			defaultConfigurationIsVisible = 0;
			defaultConfigurationName = Release;
		};
/* End XCConfigurationList section */
	};
	rootObject = F9B1541E1FBDDA1B00962DFA /* Project object */;
}
